// !$*UTF8*$!
{
	archiveVersion = 1;
	classes = {
	};
	objectVersion = 50;
	objects = {

/* Begin PBXBuildFile section */
		3C1352807AFCA557E297A27A /* libPods-issue79475939.a in Frameworks */ = {isa = PBXBuildFile; fileRef = 3FFE62933D18AAF9D4CFC1EB /* libPods-issue79475939.a */; };
		57E23E6620A44C6E00600B31 /* AppDelegate.swift in Sources */ = {isa = PBXBuildFile; fileRef = 57E23E6520A44C6E00600B31 /* AppDelegate.swift */; };
		57E23E6820A44C6E00600B31 /* ViewController.swift in Sources */ = {isa = PBXBuildFile; fileRef = 57E23E6720A44C6E00600B31 /* ViewController.swift */; };
		57E23E6B20A44C6E00600B31 /* Main.storyboard in Resources */ = {isa = PBXBuildFile; fileRef = 57E23E6920A44C6E00600B31 /* Main.storyboard */; };
		57E23E6D20A44C8B00600B31 /* Assets.xcassets in Resources */ = {isa = PBXBuildFile; fileRef = 57E23E6C20A44C8B00600B31 /* Assets.xcassets */; };
		57E23E7020A44C8B00600B31 /* LaunchScreen.storyboard in Resources */ = {isa = PBXBuildFile; fileRef = 57E23E6E20A44C8B00600B31 /* LaunchScreen.storyboard */; };
		57E23E7B20A44C8C00600B31 /* issue79475939Tests.swift in Sources */ = {isa = PBXBuildFile; fileRef = 57E23E7A20A44C8C00600B31 /* issue79475939Tests.swift */; };
		57E23E8620A44C8C00600B31 /* issue79475939UITests.swift in Sources */ = {isa = PBXBuildFile; fileRef = 57E23E8520A44C8C00600B31 /* issue79475939UITests.swift */; };
/* End PBXBuildFile section */

/* Begin PBXContainerItemProxy section */
		57E23E7720A44C8C00600B31 /* PBXContainerItemProxy */ = {
			isa = PBXContainerItemProxy;
			containerPortal = 57E23E5A20A44C6E00600B31 /* Project object */;
			proxyType = 1;
			remoteGlobalIDString = 57E23E6120A44C6E00600B31;
			remoteInfo = issue79475939;
		};
		57E23E8220A44C8C00600B31 /* PBXContainerItemProxy */ = {
			isa = PBXContainerItemProxy;
			containerPortal = 57E23E5A20A44C6E00600B31 /* Project object */;
			proxyType = 1;
			remoteGlobalIDString = 57E23E6120A44C6E00600B31;
			remoteInfo = issue79475939;
		};
/* End PBXContainerItemProxy section */

/* Begin PBXFileReference section */
		3FFE62933D18AAF9D4CFC1EB /* libPods-issue79475939.a */ = {isa = PBXFileReference; explicitFileType = archive.ar; includeInIndex = 0; path = "libPods-issue79475939.a"; sourceTree = BUILT_PRODUCTS_DIR; };
		5162AF01596D17EF3E6050C1 /* Pods-issue79475939.debug.xcconfig */ = {isa = PBXFileReference; includeInIndex = 1; lastKnownFileType = text.xcconfig; name = "Pods-issue79475939.debug.xcconfig"; path = "Pods/Target Support Files/Pods-issue79475939/Pods-issue79475939.debug.xcconfig"; sourceTree = "<group>"; };
		57E23E6220A44C6E00600B31 /* issue79475939.app */ = {isa = PBXFileReference; explicitFileType = wrapper.application; includeInIndex = 0; path = issue79475939.app; sourceTree = BUILT_PRODUCTS_DIR; };
		57E23E6520A44C6E00600B31 /* AppDelegate.swift */ = {isa = PBXFileReference; lastKnownFileType = sourcecode.swift; path = AppDelegate.swift; sourceTree = "<group>"; };
		57E23E6720A44C6E00600B31 /* ViewController.swift */ = {isa = PBXFileReference; lastKnownFileType = sourcecode.swift; path = ViewController.swift; sourceTree = "<group>"; };
		57E23E6A20A44C6E00600B31 /* Base */ = {isa = PBXFileReference; lastKnownFileType = file.storyboard; name = Base; path = Base.lproj/Main.storyboard; sourceTree = "<group>"; };
		57E23E6C20A44C8B00600B31 /* Assets.xcassets */ = {isa = PBXFileReference; lastKnownFileType = folder.assetcatalog; path = Assets.xcassets; sourceTree = "<group>"; };
		57E23E6F20A44C8B00600B31 /* Base */ = {isa = PBXFileReference; lastKnownFileType = file.storyboard; name = Base; path = Base.lproj/LaunchScreen.storyboard; sourceTree = "<group>"; };
		57E23E7120A44C8B00600B31 /* Info.plist */ = {isa = PBXFileReference; lastKnownFileType = text.plist.xml; path = Info.plist; sourceTree = "<group>"; };
		57E23E7620A44C8C00600B31 /* issue79475939Tests.xctest */ = {isa = PBXFileReference; explicitFileType = wrapper.cfbundle; includeInIndex = 0; path = issue79475939Tests.xctest; sourceTree = BUILT_PRODUCTS_DIR; };
		57E23E7A20A44C8C00600B31 /* issue79475939Tests.swift */ = {isa = PBXFileReference; lastKnownFileType = sourcecode.swift; path = issue79475939Tests.swift; sourceTree = "<group>"; };
		57E23E7C20A44C8C00600B31 /* Info.plist */ = {isa = PBXFileReference; lastKnownFileType = text.plist.xml; path = Info.plist; sourceTree = "<group>"; };
		57E23E8120A44C8C00600B31 /* issue79475939UITests.xctest */ = {isa = PBXFileReference; explicitFileType = wrapper.cfbundle; includeInIndex = 0; path = issue79475939UITests.xctest; sourceTree = BUILT_PRODUCTS_DIR; };
		57E23E8520A44C8C00600B31 /* issue79475939UITests.swift */ = {isa = PBXFileReference; lastKnownFileType = sourcecode.swift; path = issue79475939UITests.swift; sourceTree = "<group>"; };
		57E23E8720A44C8C00600B31 /* Info.plist */ = {isa = PBXFileReference; lastKnownFileType = text.plist.xml; path = Info.plist; sourceTree = "<group>"; };
		AAEB87FEF76E5AF668B0996A /* Pods-issue79475939.release.xcconfig */ = {isa = PBXFileReference; includeInIndex = 1; lastKnownFileType = text.xcconfig; name = "Pods-issue79475939.release.xcconfig"; path = "Pods/Target Support Files/Pods-issue79475939/Pods-issue79475939.release.xcconfig"; sourceTree = "<group>"; };
/* End PBXFileReference section */

/* Begin PBXFrameworksBuildPhase section */
		57E23E5F20A44C6E00600B31 /* Frameworks */ = {
			isa = PBXFrameworksBuildPhase;
			buildActionMask = 2147483647;
			files = (
				3C1352807AFCA557E297A27A /* libPods-issue79475939.a in Frameworks */,
			);
			runOnlyForDeploymentPostprocessing = 0;
		};
		57E23E7320A44C8B00600B31 /* Frameworks */ = {
			isa = PBXFrameworksBuildPhase;
			buildActionMask = 2147483647;
			files = (
			);
			runOnlyForDeploymentPostprocessing = 0;
		};
		57E23E7E20A44C8C00600B31 /* Frameworks */ = {
			isa = PBXFrameworksBuildPhase;
			buildActionMask = 2147483647;
			files = (
			);
			runOnlyForDeploymentPostprocessing = 0;
		};
/* End PBXFrameworksBuildPhase section */

/* Begin PBXGroup section */
		1075114D8300B1ABE76CC570 /* Frameworks */ = {
			isa = PBXGroup;
			children = (
				3FFE62933D18AAF9D4CFC1EB /* libPods-issue79475939.a */,
			);
			name = Frameworks;
			sourceTree = "<group>";
		};
		57E23E5920A44C6E00600B31 = {
			isa = PBXGroup;
			children = (
				57E23E6420A44C6E00600B31 /* issue79475939 */,
				57E23E7920A44C8C00600B31 /* issue79475939Tests */,
				57E23E8420A44C8C00600B31 /* issue79475939UITests */,
				57E23E6320A44C6E00600B31 /* Products */,
				AAF8BC0520A7FE38747596E4 /* Pods */,
				1075114D8300B1ABE76CC570 /* Frameworks */,
			);
			sourceTree = "<group>";
		};
		57E23E6320A44C6E00600B31 /* Products */ = {
			isa = PBXGroup;
			children = (
				57E23E6220A44C6E00600B31 /* issue79475939.app */,
				57E23E7620A44C8C00600B31 /* issue79475939Tests.xctest */,
				57E23E8120A44C8C00600B31 /* issue79475939UITests.xctest */,
			);
			name = Products;
			sourceTree = "<group>";
		};
		57E23E6420A44C6E00600B31 /* issue79475939 */ = {
			isa = PBXGroup;
			children = (
				57E23E6520A44C6E00600B31 /* AppDelegate.swift */,
				57E23E6720A44C6E00600B31 /* ViewController.swift */,
				57E23E6920A44C6E00600B31 /* Main.storyboard */,
				57E23E6C20A44C8B00600B31 /* Assets.xcassets */,
				57E23E6E20A44C8B00600B31 /* LaunchScreen.storyboard */,
				57E23E7120A44C8B00600B31 /* Info.plist */,
			);
			path = issue79475939;
			sourceTree = "<group>";
		};
		57E23E7920A44C8C00600B31 /* issue79475939Tests */ = {
			isa = PBXGroup;
			children = (
				57E23E7A20A44C8C00600B31 /* issue79475939Tests.swift */,
				57E23E7C20A44C8C00600B31 /* Info.plist */,
			);
			path = issue79475939Tests;
			sourceTree = "<group>";
		};
		57E23E8420A44C8C00600B31 /* issue79475939UITests */ = {
			isa = PBXGroup;
			children = (
				57E23E8520A44C8C00600B31 /* issue79475939UITests.swift */,
				57E23E8720A44C8C00600B31 /* Info.plist */,
			);
			path = issue79475939UITests;
			sourceTree = "<group>";
		};
		AAF8BC0520A7FE38747596E4 /* Pods */ = {
			isa = PBXGroup;
			children = (
				5162AF01596D17EF3E6050C1 /* Pods-issue79475939.debug.xcconfig */,
				AAEB87FEF76E5AF668B0996A /* Pods-issue79475939.release.xcconfig */,
			);
			name = Pods;
			sourceTree = "<group>";
		};
/* End PBXGroup section */

/* Begin PBXNativeTarget section */
		57E23E6120A44C6E00600B31 /* issue79475939 */ = {
			isa = PBXNativeTarget;
			buildConfigurationList = 57E23E8A20A44C8C00600B31 /* Build configuration list for PBXNativeTarget "issue79475939" */;
			buildPhases = (
				B060F5933E8587F7582DDFD9 /* [CP] Check Pods Manifest.lock */,
				57E23E5E20A44C6E00600B31 /* Sources */,
				57E23E5F20A44C6E00600B31 /* Frameworks */,
				57E23E6020A44C6E00600B31 /* Resources */,
				2C8F2304967A5F8F14EBCD43 /* [CP] Embed Pods Frameworks */,
				64B1ACAC598E84D815A74A93 /* [CP] Copy Pods Resources */,
			);
			buildRules = (
			);
			dependencies = (
			);
			name = issue79475939;
			productName = issue79475939;
			productReference = 57E23E6220A44C6E00600B31 /* issue79475939.app */;
			productType = "com.apple.product-type.application";
		};
		57E23E7520A44C8B00600B31 /* issue79475939Tests */ = {
			isa = PBXNativeTarget;
			buildConfigurationList = 57E23E8D20A44C8C00600B31 /* Build configuration list for PBXNativeTarget "issue79475939Tests" */;
			buildPhases = (
				57E23E7220A44C8B00600B31 /* Sources */,
				57E23E7320A44C8B00600B31 /* Frameworks */,
				57E23E7420A44C8B00600B31 /* Resources */,
			);
			buildRules = (
			);
			dependencies = (
				57E23E7820A44C8C00600B31 /* PBXTargetDependency */,
			);
			name = issue79475939Tests;
			productName = issue79475939Tests;
			productReference = 57E23E7620A44C8C00600B31 /* issue79475939Tests.xctest */;
			productType = "com.apple.product-type.bundle.unit-test";
		};
		57E23E8020A44C8C00600B31 /* issue79475939UITests */ = {
			isa = PBXNativeTarget;
			buildConfigurationList = 57E23E9020A44C8C00600B31 /* Build configuration list for PBXNativeTarget "issue79475939UITests" */;
			buildPhases = (
				57E23E7D20A44C8C00600B31 /* Sources */,
				57E23E7E20A44C8C00600B31 /* Frameworks */,
				57E23E7F20A44C8C00600B31 /* Resources */,
			);
			buildRules = (
			);
			dependencies = (
				57E23E8320A44C8C00600B31 /* PBXTargetDependency */,
			);
			name = issue79475939UITests;
			productName = issue79475939UITests;
			productReference = 57E23E8120A44C8C00600B31 /* issue79475939UITests.xctest */;
			productType = "com.apple.product-type.bundle.ui-testing";
		};
/* End PBXNativeTarget section */

/* Begin PBXProject section */
		57E23E5A20A44C6E00600B31 /* Project object */ = {
			isa = PBXProject;
			attributes = {
				LastSwiftUpdateCheck = 0930;
				LastUpgradeCheck = 0930;
				ORGANIZATIONNAME = "Google Trainining";
				TargetAttributes = {
					57E23E6120A44C6E00600B31 = {
						CreatedOnToolsVersion = 9.3;
					};
					57E23E7520A44C8B00600B31 = {
						CreatedOnToolsVersion = 9.3;
						TestTargetID = 57E23E6120A44C6E00600B31;
					};
					57E23E8020A44C8C00600B31 = {
						CreatedOnToolsVersion = 9.3;
						TestTargetID = 57E23E6120A44C6E00600B31;
					};
				};
			};
			buildConfigurationList = 57E23E5D20A44C6E00600B31 /* Build configuration list for PBXProject "issue79475939" */;
			compatibilityVersion = "Xcode 9.3";
			developmentRegion = en;
			hasScannedForEncodings = 0;
			knownRegions = (
				en,
				Base,
			);
			mainGroup = 57E23E5920A44C6E00600B31;
			productRefGroup = 57E23E6320A44C6E00600B31 /* Products */;
			projectDirPath = "";
			projectRoot = "";
			targets = (
				57E23E6120A44C6E00600B31 /* issue79475939 */,
				57E23E7520A44C8B00600B31 /* issue79475939Tests */,
				57E23E8020A44C8C00600B31 /* issue79475939UITests */,
			);
		};
/* End PBXProject section */

/* Begin PBXResourcesBuildPhase section */
		57E23E6020A44C6E00600B31 /* Resources */ = {
			isa = PBXResourcesBuildPhase;
			buildActionMask = 2147483647;
			files = (
				57E23E7020A44C8B00600B31 /* LaunchScreen.storyboard in Resources */,
				57E23E6D20A44C8B00600B31 /* Assets.xcassets in Resources */,
				57E23E6B20A44C6E00600B31 /* Main.storyboard in Resources */,
			);
			runOnlyForDeploymentPostprocessing = 0;
		};
		57E23E7420A44C8B00600B31 /* Resources */ = {
			isa = PBXResourcesBuildPhase;
			buildActionMask = 2147483647;
			files = (
			);
			runOnlyForDeploymentPostprocessing = 0;
		};
		57E23E7F20A44C8C00600B31 /* Resources */ = {
			isa = PBXResourcesBuildPhase;
			buildActionMask = 2147483647;
			files = (
			);
			runOnlyForDeploymentPostprocessing = 0;
		};
/* End PBXResourcesBuildPhase section */

/* Begin PBXShellScriptBuildPhase section */
		2C8F2304967A5F8F14EBCD43 /* [CP] Embed Pods Frameworks */ = {
			isa = PBXShellScriptBuildPhase;
			buildActionMask = 2147483647;
			files = (
			);
			inputPaths = (
			);
			name = "[CP] Embed Pods Frameworks";
			outputPaths = (
			);
			runOnlyForDeploymentPostprocessing = 0;
			shellPath = /bin/sh;
			shellScript = "\"${SRCROOT}/Pods/Target Support Files/Pods-issue79475939/Pods-issue79475939-frameworks.sh\"\n";
			showEnvVarsInLog = 0;
		};
		64B1ACAC598E84D815A74A93 /* [CP] Copy Pods Resources */ = {
			isa = PBXShellScriptBuildPhase;
			buildActionMask = 2147483647;
			files = (
			);
			inputPaths = (
				"${SRCROOT}/Pods/Target Support Files/Pods-issue79475939/Pods-issue79475939-resources.sh",
				"${PODS_ROOT}/GoogleMaps/Maps/Frameworks/GoogleMaps.framework/Resources/GoogleMaps.bundle",
			);
			name = "[CP] Copy Pods Resources";
			outputPaths = (
				"${TARGET_BUILD_DIR}/${UNLOCALIZED_RESOURCES_FOLDER_PATH}/GoogleMaps.bundle",
			);
			runOnlyForDeploymentPostprocessing = 0;
			shellPath = /bin/sh;
			shellScript = "\"${SRCROOT}/Pods/Target Support Files/Pods-issue79475939/Pods-issue79475939-resources.sh\"\n";
			showEnvVarsInLog = 0;
		};
		B060F5933E8587F7582DDFD9 /* [CP] Check Pods Manifest.lock */ = {
			isa = PBXShellScriptBuildPhase;
			buildActionMask = 2147483647;
			files = (
			);
			inputPaths = (
				"${PODS_PODFILE_DIR_PATH}/Podfile.lock",
				"${PODS_ROOT}/Manifest.lock",
			);
			name = "[CP] Check Pods Manifest.lock";
			outputPaths = (
				"$(DERIVED_FILE_DIR)/Pods-issue79475939-checkManifestLockResult.txt",
			);
			runOnlyForDeploymentPostprocessing = 0;
			shellPath = /bin/sh;
			shellScript = "diff \"${PODS_PODFILE_DIR_PATH}/Podfile.lock\" \"${PODS_ROOT}/Manifest.lock\" > /dev/null\nif [ $? != 0 ] ; then\n    # print error to STDERR\n    echo \"error: The sandbox is not in sync with the Podfile.lock. Run 'pod install' or update your CocoaPods installation.\" >&2\n    exit 1\nfi\n# This output is used by Xcode 'outputs' to avoid re-running this script phase.\necho \"SUCCESS\" > \"${SCRIPT_OUTPUT_FILE_0}\"\n";
			showEnvVarsInLog = 0;
		};
/* End PBXShellScriptBuildPhase section */

/* Begin PBXSourcesBuildPhase section */
		57E23E5E20A44C6E00600B31 /* Sources */ = {
			isa = PBXSourcesBuildPhase;
			buildActionMask = 2147483647;
			files = (
				57E23E6820A44C6E00600B31 /* ViewController.swift in Sources */,
				57E23E6620A44C6E00600B31 /* AppDelegate.swift in Sources */,
			);
			runOnlyForDeploymentPostprocessing = 0;
		};
		57E23E7220A44C8B00600B31 /* Sources */ = {
			isa = PBXSourcesBuildPhase;
			buildActionMask = 2147483647;
			files = (
				57E23E7B20A44C8C00600B31 /* issue79475939Tests.swift in Sources */,
			);
			runOnlyForDeploymentPostprocessing = 0;
		};
		57E23E7D20A44C8C00600B31 /* Sources */ = {
			isa = PBXSourcesBuildPhase;
			buildActionMask = 2147483647;
			files = (
				57E23E8620A44C8C00600B31 /* issue79475939UITests.swift in Sources */,
			);
			runOnlyForDeploymentPostprocessing = 0;
		};
/* End PBXSourcesBuildPhase section */

/* Begin PBXTargetDependency section */
		57E23E7820A44C8C00600B31 /* PBXTargetDependency */ = {
			isa = PBXTargetDependency;
			target = 57E23E6120A44C6E00600B31 /* issue79475939 */;
			targetProxy = 57E23E7720A44C8C00600B31 /* PBXContainerItemProxy */;
		};
		57E23E8320A44C8C00600B31 /* PBXTargetDependency */ = {
			isa = PBXTargetDependency;
			target = 57E23E6120A44C6E00600B31 /* issue79475939 */;
			targetProxy = 57E23E8220A44C8C00600B31 /* PBXContainerItemProxy */;
		};
/* End PBXTargetDependency section */

/* Begin PBXVariantGroup section */
		57E23E6920A44C6E00600B31 /* Main.storyboard */ = {
			isa = PBXVariantGroup;
			children = (
				57E23E6A20A44C6E00600B31 /* Base */,
			);
			name = Main.storyboard;
			sourceTree = "<group>";
		};
		57E23E6E20A44C8B00600B31 /* LaunchScreen.storyboard */ = {
			isa = PBXVariantGroup;
			children = (
				57E23E6F20A44C8B00600B31 /* Base */,
			);
			name = LaunchScreen.storyboard;
			sourceTree = "<group>";
		};
/* End PBXVariantGroup section */

/* Begin XCBuildConfiguration section */
		57E23E8820A44C8C00600B31 /* Debug */ = {
			isa = XCBuildConfiguration;
			buildSettings = {
				ALWAYS_SEARCH_USER_PATHS = NO;
				CLANG_ANALYZER_NONNULL = YES;
				CLANG_ANALYZER_NUMBER_OBJECT_CONVERSION = YES_AGGRESSIVE;
				CLANG_CXX_LANGUAGE_STANDARD = "gnu++14";
				CLANG_CXX_LIBRARY = "libc++";
				CLANG_ENABLE_MODULES = YES;
				CLANG_ENABLE_OBJC_ARC = YES;
				CLANG_ENABLE_OBJC_WEAK = YES;
				CLANG_WARN_BLOCK_CAPTURE_AUTORELEASING = YES;
				CLANG_WARN_BOOL_CONVERSION = YES;
				CLANG_WARN_COMMA = YES;
				CLANG_WARN_CONSTANT_CONVERSION = YES;
				CLANG_WARN_DEPRECATED_OBJC_IMPLEMENTATIONS = YES;
				CLANG_WARN_DIRECT_OBJC_ISA_USAGE = YES_ERROR;
				CLANG_WARN_DOCUMENTATION_COMMENTS = YES;
				CLANG_WARN_EMPTY_BODY = YES;
				CLANG_WARN_ENUM_CONVERSION = YES;
				CLANG_WARN_INFINITE_RECURSION = YES;
				CLANG_WARN_INT_CONVERSION = YES;
				CLANG_WARN_NON_LITERAL_NULL_CONVERSION = YES;
				CLANG_WARN_OBJC_IMPLICIT_RETAIN_SELF = YES;
				CLANG_WARN_OBJC_LITERAL_CONVERSION = YES;
				CLANG_WARN_OBJC_ROOT_CLASS = YES_ERROR;
				CLANG_WARN_RANGE_LOOP_ANALYSIS = YES;
				CLANG_WARN_STRICT_PROTOTYPES = YES;
				CLANG_WARN_SUSPICIOUS_MOVE = YES;
				CLANG_WARN_UNGUARDED_AVAILABILITY = YES_AGGRESSIVE;
				CLANG_WARN_UNREACHABLE_CODE = YES;
				CLANG_WARN__DUPLICATE_METHOD_MATCH = YES;
				CODE_SIGN_IDENTITY = "iPhone Developer";
				COPY_PHASE_STRIP = NO;
				DEBUG_INFORMATION_FORMAT = dwarf;
				ENABLE_STRICT_OBJC_MSGSEND = YES;
				ENABLE_TESTABILITY = YES;
				GCC_C_LANGUAGE_STANDARD = gnu11;
				GCC_DYNAMIC_NO_PIC = NO;
				GCC_NO_COMMON_BLOCKS = YES;
				GCC_OPTIMIZATION_LEVEL = 0;
				GCC_PREPROCESSOR_DEFINITIONS = (
					"DEBUG=1",
					"$(inherited)",
				);
				GCC_WARN_64_TO_32_BIT_CONVERSION = YES;
				GCC_WARN_ABOUT_RETURN_TYPE = YES_ERROR;
				GCC_WARN_UNDECLARED_SELECTOR = YES;
				GCC_WARN_UNINITIALIZED_AUTOS = YES_AGGRESSIVE;
				GCC_WARN_UNUSED_FUNCTION = YES;
				GCC_WARN_UNUSED_VARIABLE = YES;
				IPHONEOS_DEPLOYMENT_TARGET = 11.3;
				MTL_ENABLE_DEBUG_INFO = YES;
				ONLY_ACTIVE_ARCH = YES;
				SDKROOT = iphoneos;
				SWIFT_ACTIVE_COMPILATION_CONDITIONS = DEBUG;
				SWIFT_OPTIMIZATION_LEVEL = "-Onone";
			};
			name = Debug;
		};
		57E23E8920A44C8C00600B31 /* Release */ = {
			isa = XCBuildConfiguration;
			buildSettings = {
				ALWAYS_SEARCH_USER_PATHS = NO;
				CLANG_ANALYZER_NONNULL = YES;
				CLANG_ANALYZER_NUMBER_OBJECT_CONVERSION = YES_AGGRESSIVE;
				CLANG_CXX_LANGUAGE_STANDARD = "gnu++14";
				CLANG_CXX_LIBRARY = "libc++";
				CLANG_ENABLE_MODULES = YES;
				CLANG_ENABLE_OBJC_ARC = YES;
				CLANG_ENABLE_OBJC_WEAK = YES;
				CLANG_WARN_BLOCK_CAPTURE_AUTORELEASING = YES;
				CLANG_WARN_BOOL_CONVERSION = YES;
				CLANG_WARN_COMMA = YES;
				CLANG_WARN_CONSTANT_CONVERSION = YES;
				CLANG_WARN_DEPRECATED_OBJC_IMPLEMENTATIONS = YES;
				CLANG_WARN_DIRECT_OBJC_ISA_USAGE = YES_ERROR;
				CLANG_WARN_DOCUMENTATION_COMMENTS = YES;
				CLANG_WARN_EMPTY_BODY = YES;
				CLANG_WARN_ENUM_CONVERSION = YES;
				CLANG_WARN_INFINITE_RECURSION = YES;
				CLANG_WARN_INT_CONVERSION = YES;
				CLANG_WARN_NON_LITERAL_NULL_CONVERSION = YES;
				CLANG_WARN_OBJC_IMPLICIT_RETAIN_SELF = YES;
				CLANG_WARN_OBJC_LITERAL_CONVERSION = YES;
				CLANG_WARN_OBJC_ROOT_CLASS = YES_ERROR;
				CLANG_WARN_RANGE_LOOP_ANALYSIS = YES;
				CLANG_WARN_STRICT_PROTOTYPES = YES;
				CLANG_WARN_SUSPICIOUS_MOVE = YES;
				CLANG_WARN_UNGUARDED_AVAILABILITY = YES_AGGRESSIVE;
				CLANG_WARN_UNREACHABLE_CODE = YES;
				CLANG_WARN__DUPLICATE_METHOD_MATCH = YES;
				CODE_SIGN_IDENTITY = "iPhone Developer";
				COPY_PHASE_STRIP = NO;
				DEBUG_INFORMATION_FORMAT = "dwarf-with-dsym";
				ENABLE_NS_ASSERTIONS = NO;
				ENABLE_STRICT_OBJC_MSGSEND = YES;
				GCC_C_LANGUAGE_STANDARD = gnu11;
				GCC_NO_COMMON_BLOCKS = YES;
				GCC_WARN_64_TO_32_BIT_CONVERSION = YES;
				GCC_WARN_ABOUT_RETURN_TYPE = YES_ERROR;
				GCC_WARN_UNDECLARED_SELECTOR = YES;
				GCC_WARN_UNINITIALIZED_AUTOS = YES_AGGRESSIVE;
				GCC_WARN_UNUSED_FUNCTION = YES;
				GCC_WARN_UNUSED_VARIABLE = YES;
				IPHONEOS_DEPLOYMENT_TARGET = 11.3;
				MTL_ENABLE_DEBUG_INFO = NO;
				SDKROOT = iphoneos;
				SWIFT_COMPILATION_MODE = wholemodule;
				SWIFT_OPTIMIZATION_LEVEL = "-O";
				VALIDATE_PRODUCT = YES;
			};
			name = Release;
		};
		57E23E8B20A44C8C00600B31 /* Debug */ = {
			isa = XCBuildConfiguration;
			baseConfigurationReference = 5162AF01596D17EF3E6050C1 /* Pods-issue79475939.debug.xcconfig */;
			buildSettings = {
				ASSETCATALOG_COMPILER_APPICON_NAME = AppIcon;
				CODE_SIGN_STYLE = Automatic;
				DEVELOPMENT_TEAM = 8C2JA2RJ2G;
				INFOPLIST_FILE = issue79475939/Info.plist;
				LD_RUNPATH_SEARCH_PATHS = "$(inherited) @executable_path/Frameworks";
				PRODUCT_BUNDLE_IDENTIFIER = com.xomena.issue79475939;
				PRODUCT_NAME = "$(TARGET_NAME)";
				SWIFT_VERSION = 4.0;
				TARGETED_DEVICE_FAMILY = "1,2";
			};
			name = Debug;
		};
		57E23E8C20A44C8C00600B31 /* Release */ = {
			isa = XCBuildConfiguration;
			baseConfigurationReference = AAEB87FEF76E5AF668B0996A /* Pods-issue79475939.release.xcconfig */;
			buildSettings = {
				ASSETCATALOG_COMPILER_APPICON_NAME = AppIcon;
				CODE_SIGN_STYLE = Automatic;
				DEVELOPMENT_TEAM = 8C2JA2RJ2G;
				INFOPLIST_FILE = issue79475939/Info.plist;
				LD_RUNPATH_SEARCH_PATHS = "$(inherited) @executable_path/Frameworks";
				PRODUCT_BUNDLE_IDENTIFIER = com.xomena.issue79475939;
				PRODUCT_NAME = "$(TARGET_NAME)";
				SWIFT_VERSION = 4.0;
				TARGETED_DEVICE_FAMILY = "1,2";
			};
			name = Release;
		};
		57E23E8E20A44C8C00600B31 /* Debug */ = {
			isa = XCBuildConfiguration;
			buildSettings = {
				ALWAYS_EMBED_SWIFT_STANDARD_LIBRARIES = YES;
				BUNDLE_LOADER = "$(TEST_HOST)";
				CODE_SIGN_STYLE = Automatic;
				DEVELOPMENT_TEAM = 8C2JA2RJ2G;
				INFOPLIST_FILE = issue79475939Tests/Info.plist;
				LD_RUNPATH_SEARCH_PATHS = "$(inherited) @executable_path/Frameworks @loader_path/Frameworks";
				PRODUCT_BUNDLE_IDENTIFIER = com.xomena.issue79475939Tests;
				PRODUCT_NAME = "$(TARGET_NAME)";
				SWIFT_VERSION = 4.0;
				TARGETED_DEVICE_FAMILY = "1,2";
				TEST_HOST = "$(BUILT_PRODUCTS_DIR)/issue79475939.app/issue79475939";
			};
			name = Debug;
		};
		57E23E8F20A44C8C00600B31 /* Release */ = {
			isa = XCBuildConfiguration;
			buildSettings = {
				ALWAYS_EMBED_SWIFT_STANDARD_LIBRARIES = YES;
				BUNDLE_LOADER = "$(TEST_HOST)";
				CODE_SIGN_STYLE = Automatic;
				DEVELOPMENT_TEAM = 8C2JA2RJ2G;
				INFOPLIST_FILE = issue79475939Tests/Info.plist;
				LD_RUNPATH_SEARCH_PATHS = "$(inherited) @executable_path/Frameworks @loader_path/Frameworks";
				PRODUCT_BUNDLE_IDENTIFIER = com.xomena.issue79475939Tests;
				PRODUCT_NAME = "$(TARGET_NAME)";
				SWIFT_VERSION = 4.0;
				TARGETED_DEVICE_FAMILY = "1,2";
				TEST_HOST = "$(BUILT_PRODUCTS_DIR)/issue79475939.app/issue79475939";
			};
			name = Release;
		};
		57E23E9120A44C8C00600B31 /* Debug */ = {
			isa = XCBuildConfiguration;
			buildSettings = {
				ALWAYS_EMBED_SWIFT_STANDARD_LIBRARIES = YES;
				CODE_SIGN_STYLE = Automatic;
				DEVELOPMENT_TEAM = 8C2JA2RJ2G;
				INFOPLIST_FILE = issue79475939UITests/Info.plist;
				LD_RUNPATH_SEARCH_PATHS = "$(inherited) @executable_path/Frameworks @loader_path/Frameworks";
				PRODUCT_BUNDLE_IDENTIFIER = com.xomena.issue79475939UITests;
				PRODUCT_NAME = "$(TARGET_NAME)";
				SWIFT_VERSION = 4.0;
				TARGETED_DEVICE_FAMILY = "1,2";
				TEST_TARGET_NAME = issue79475939;
			};
			name = Debug;
		};
		57E23E9220A44C8C00600B31 /* Release */ = {
			isa = XCBuildConfiguration;
			buildSettings = {
				ALWAYS_EMBED_SWIFT_STANDARD_LIBRARIES = YES;
				CODE_SIGN_STYLE = Automatic;
				DEVELOPMENT_TEAM = 8C2JA2RJ2G;
				INFOPLIST_FILE = issue79475939UITests/Info.plist;
				LD_RUNPATH_SEARCH_PATHS = "$(inherited) @executable_path/Frameworks @loader_path/Frameworks";
				PRODUCT_BUNDLE_IDENTIFIER = com.xomena.issue79475939UITests;
				PRODUCT_NAME = "$(TARGET_NAME)";
				SWIFT_VERSION = 4.0;
				TARGETED_DEVICE_FAMILY = "1,2";
				TEST_TARGET_NAME = issue79475939;
			};
			name = Release;
		};
/* End XCBuildConfiguration section */

/* Begin XCConfigurationList section */
		57E23E5D20A44C6E00600B31 /* Build configuration list for PBXProject "issue79475939" */ = {
			isa = XCConfigurationList;
			buildConfigurations = (
				57E23E8820A44C8C00600B31 /* Debug */,
				57E23E8920A44C8C00600B31 /* Release */,
			);
			defaultConfigurationIsVisible = 0;
			defaultConfigurationName = Release;
		};
		57E23E8A20A44C8C00600B31 /* Build configuration list for PBXNativeTarget "issue79475939" */ = {
			isa = XCConfigurationList;
			buildConfigurations = (
				57E23E8B20A44C8C00600B31 /* Debug */,
				57E23E8C20A44C8C00600B31 /* Release */,
			);
			defaultConfigurationIsVisible = 0;
			defaultConfigurationName = Release;
		};
		57E23E8D20A44C8C00600B31 /* Build configuration list for PBXNativeTarget "issue79475939Tests" */ = {
			isa = XCConfigurationList;
			buildConfigurations = (
				57E23E8E20A44C8C00600B31 /* Debug */,
				57E23E8F20A44C8C00600B31 /* Release */,
			);
			defaultConfigurationIsVisible = 0;
			defaultConfigurationName = Release;
		};
		57E23E9020A44C8C00600B31 /* Build configuration list for PBXNativeTarget "issue79475939UITests" */ = {
			isa = XCConfigurationList;
			buildConfigurations = (
				57E23E9120A44C8C00600B31 /* Debug */,
				57E23E9220A44C8C00600B31 /* Release */,
			);
			defaultConfigurationIsVisible = 0;
			defaultConfigurationName = Release;
		};
/* End XCConfigurationList section */
	};
	rootObject = 57E23E5A20A44C6E00600B31 /* Project object */;
}
